
Microsoft Visual Studio Solution File, Format Version 12.00
# Visual Studio Version 17
VisualStudioVersion = 17.6.33829.357
MinimumVisualStudioVersion = 10.0.40219.1
Project("{8BC9CEB8-8B4A-11D0-8D11-00A0C91BC942}") = "Programs on C", "Programs on C\Programs on C.vcxproj", "{371C8D54-C162-4712-90CA-3F267EF17F68}"
EndProject
Global
	GlobalSection(SolutionConfigurationPlatforms) = preSolution
		Debug|x64 = Debug|x64
		Debug|x86 = Debug|x86
		Release|x64 = Release|x64
		Release|x86 = Release|x86
	EndGlobalSection
	GlobalSection(ProjectConfigurationPlatforms) = postSolution
		{371C8D54-C162-4712-90CA-3F267EF17F68}.Debug|x64.ActiveCfg = Debug|x64
		{371C8D54-C162-4712-90CA-3F267EF17F68}.Debug|x64.Build.0 = Debug|x64
		{371C8D54-C162-4712-90CA-3F267EF17F68}.Debug|x86.ActiveCfg = Debug|Win32
		{371C8D54-C162-4712-90CA-3F267EF17F68}.Debug|x86.Build.0 = Debug|Win32
		{371C8D54-C162-4712-90CA-3F267EF17F68}.Release|x64.ActiveCfg = Release|x64
		{371C8D54-C162-4712-90CA-3F267EF17F68}.Release|x64.Build.0 = Release|x64
		{371C8D54-C162-4712-90CA-3F267EF17F68}.Release|x86.ActiveCfg = Release|Win32
		{371C8D54-C162-4712-90CA-3F267EF17F68}.Release|x86.Build.0 = Release|Win32
	EndGlobalSection
	GlobalSection(SolutionProperties) = preSolution
		HideSolutionNode = FALSE
	EndGlobalSection
	GlobalSection(ExtensibilityGlobals) = postSolution
		SolutionGuid = {13321F76-B567-493B-A66A-2518A5FC6EB8}
	EndGlobalSection
EndGlobal
